
Microsoft Visual Studio Solution File, Format Version 12.00
# Visual Studio Version 16
VisualStudioVersion = 16.0.35325.158
MinimumVisualStudioVersion = 10.0.40219.1
Project("{FAE04EC0-301F-11D3-BF4B-00C04F79EFBC}") = "SecondLifeBot", "SecondLifeBot\SecondLifeBot.csproj", "{BA323618-D33D-421C-A836-7B3E76F3A6EF}"
EndProject
Global
	GlobalSection(SolutionConfigurationPlatforms) = preSolution
		Debug|Any CPU = Debug|Any CPU
		Release|Any CPU = Release|Any CPU
	EndGlobalSection
	GlobalSection(ProjectConfigurationPlatforms) = postSolution
		{BA323618-D33D-421C-A836-7B3E76F3A6EF}.Debug|Any CPU.ActiveCfg = Debug|Any CPU
		{BA323618-D33D-421C-A836-7B3E76F3A6EF}.Debug|Any CPU.Build.0 = Debug|Any CPU
		{BA323618-D33D-421C-A836-7B3E76F3A6EF}.Release|Any CPU.ActiveCfg = Release|Any CPU
		{BA323618-D33D-421C-A836-7B3E76F3A6EF}.Release|Any CPU.Build.0 = Release|Any CPU
	EndGlobalSection
	GlobalSection(SolutionProperties) = preSolution
		HideSolutionNode = FALSE
	EndGlobalSection
	GlobalSection(ExtensibilityGlobals) = postSolution
		SolutionGuid = {7F17CE56-6157-401F-85F3-6F2A25619653}
	EndGlobalSection
EndGlobal
